
Microsoft Visual Studio Solution File, Format Version 12.00
# Visual Studio Version 17
VisualStudioVersion = 17.3.32929.385
MinimumVisualStudioVersion = 10.0.40219.1
Project("{9A19103F-16F7-4668-BE54-9A1E7A4F7556}") = "BotWorkerService", "BotWorkerService\BotWorkerService.csproj", "{6ACBA523-F332-4E69-9A6A-71BCAD37D741}"
EndProject
Global
	GlobalSection(SolutionConfigurationPlatforms) = preSolution
		Debug|Any CPU = Debug|Any CPU
		Release|Any CPU = Release|Any CPU
	EndGlobalSection
	GlobalSection(ProjectConfigurationPlatforms) = postSolution
		{6ACBA523-F332-4E69-9A6A-71BCAD37D741}.Debug|Any CPU.ActiveCfg = Debug|Any CPU
		{6ACBA523-F332-4E69-9A6A-71BCAD37D741}.Debug|Any CPU.Build.0 = Debug|Any CPU
		{6ACBA523-F332-4E69-9A6A-71BCAD37D741}.Release|Any CPU.ActiveCfg = Release|Any CPU
		{6ACBA523-F332-4E69-9A6A-71BCAD37D741}.Release|Any CPU.Build.0 = Release|Any CPU
	EndGlobalSection
	GlobalSection(SolutionProperties) = preSolution
		HideSolutionNode = FALSE
	EndGlobalSection
	GlobalSection(ExtensibilityGlobals) = postSolution
		SolutionGuid = {6D602C33-0B9B-44BA-85DF-F62C14246EFE}
	EndGlobalSection
EndGlobal
